
Microsoft Visual Studio Solution File, Format Version 12.00
# Visual Studio 15
VisualStudioVersion = 15.0.28010.2036
MinimumVisualStudioVersion = 10.0.40219.1
Project("{FAE04EC0-301F-11D3-BF4B-00C04F79EFBC}") = "RenameSubs", "RenameSubs\RenameSubs.csproj", "{D244CCD4-A82D-4716-BAF6-EECE799663E5}"
EndProject
Project("{FAE04EC0-301F-11D3-BF4B-00C04F79EFBC}") = "HelperLibrary", "HelperLibrary\HelperLibrary.csproj", "{AC5CF3F0-5D6C-48C4-9A02-705CB91C003A}"
EndProject
Global
	GlobalSection(SolutionConfigurationPlatforms) = preSolution
		Debug|Any CPU = Debug|Any CPU
		Debug|ARM = Debug|ARM
		Debug|ARM64 = Debug|ARM64
		Debug|x64 = Debug|x64
		Debug|x86 = Debug|x86
		Release|Any CPU = Release|Any CPU
		Release|ARM = Release|ARM
		Release|ARM64 = Release|ARM64
		Release|x64 = Release|x64
		Release|x86 = Release|x86
	EndGlobalSection
	GlobalSection(ProjectConfigurationPlatforms) = postSolution
		{D244CCD4-A82D-4716-BAF6-EECE799663E5}.Debug|Any CPU.ActiveCfg = Debug|x86
		{D244CCD4-A82D-4716-BAF6-EECE799663E5}.Debug|Any CPU.Build.0 = Debug|x86
		{D244CCD4-A82D-4716-BAF6-EECE799663E5}.Debug|Any CPU.Deploy.0 = Debug|x86
		{D244CCD4-A82D-4716-BAF6-EECE799663E5}.Debug|ARM.ActiveCfg = Debug|ARM
		{D244CCD4-A82D-4716-BAF6-EECE799663E5}.Debug|ARM.Build.0 = Debug|ARM
		{D244CCD4-A82D-4716-BAF6-EECE799663E5}.Debug|ARM.Deploy.0 = Debug|ARM
		{D244CCD4-A82D-4716-BAF6-EECE799663E5}.Debug|ARM64.ActiveCfg = Debug|x86
		{D244CCD4-A82D-4716-BAF6-EECE799663E5}.Debug|x64.ActiveCfg = Debug|x64
		{D244CCD4-A82D-4716-BAF6-EECE799663E5}.Debug|x64.Build.0 = Debug|x64
		{D244CCD4-A82D-4716-BAF6-EECE799663E5}.Debug|x64.Deploy.0 = Debug|x64
		{D244CCD4-A82D-4716-BAF6-EECE799663E5}.Debug|x86.ActiveCfg = Debug|x86
		{D244CCD4-A82D-4716-BAF6-EECE799663E5}.Debug|x86.Build.0 = Debug|x86
		{D244CCD4-A82D-4716-BAF6-EECE799663E5}.Debug|x86.Deploy.0 = Debug|x86
		{D244CCD4-A82D-4716-BAF6-EECE799663E5}.Release|Any CPU.ActiveCfg = Release|x86
		{D244CCD4-A82D-4716-BAF6-EECE799663E5}.Release|ARM.ActiveCfg = Release|ARM
		{D244CCD4-A82D-4716-BAF6-EECE799663E5}.Release|ARM.Build.0 = Release|ARM
		{D244CCD4-A82D-4716-BAF6-EECE799663E5}.Release|ARM.Deploy.0 = Release|ARM
		{D244CCD4-A82D-4716-BAF6-EECE799663E5}.Release|ARM64.ActiveCfg = Release|x86
		{D244CCD4-A82D-4716-BAF6-EECE799663E5}.Release|x64.ActiveCfg = Release|x64
		{D244CCD4-A82D-4716-BAF6-EECE799663E5}.Release|x64.Build.0 = Release|x64
		{D244CCD4-A82D-4716-BAF6-EECE799663E5}.Release|x64.Deploy.0 = Release|x64
		{D244CCD4-A82D-4716-BAF6-EECE799663E5}.Release|x86.ActiveCfg = Release|x86
		{D244CCD4-A82D-4716-BAF6-EECE799663E5}.Release|x86.Build.0 = Release|x86
		{D244CCD4-A82D-4716-BAF6-EECE799663E5}.Release|x86.Deploy.0 = Release|x86
		{AC5CF3F0-5D6C-48C4-9A02-705CB91C003A}.Debug|Any CPU.ActiveCfg = Debug|Any CPU
		{AC5CF3F0-5D6C-48C4-9A02-705CB91C003A}.Debug|Any CPU.Build.0 = Debug|Any CPU
		{AC5CF3F0-5D6C-48C4-9A02-705CB91C003A}.Debug|ARM.ActiveCfg = Debug|ARM
		{AC5CF3F0-5D6C-48C4-9A02-705CB91C003A}.Debug|ARM.Build.0 = Debug|ARM
		{AC5CF3F0-5D6C-48C4-9A02-705CB91C003A}.Debug|ARM64.ActiveCfg = Debug|ARM64
		{AC5CF3F0-5D6C-48C4-9A02-705CB91C003A}.Debug|ARM64.Build.0 = Debug|ARM64
		{AC5CF3F0-5D6C-48C4-9A02-705CB91C003A}.Debug|x64.ActiveCfg = Debug|x64
		{AC5CF3F0-5D6C-48C4-9A02-705CB91C003A}.Debug|x64.Build.0 = Debug|x64
		{AC5CF3F0-5D6C-48C4-9A02-705CB91C003A}.Debug|x86.ActiveCfg = Debug|x86
		{AC5CF3F0-5D6C-48C4-9A02-705CB91C003A}.Debug|x86.Build.0 = Debug|x86
		{AC5CF3F0-5D6C-48C4-9A02-705CB91C003A}.Release|Any CPU.ActiveCfg = Release|Any CPU
		{AC5CF3F0-5D6C-48C4-9A02-705CB91C003A}.Release|Any CPU.Build.0 = Release|Any CPU
		{AC5CF3F0-5D6C-48C4-9A02-705CB91C003A}.Release|ARM.ActiveCfg = Release|ARM
		{AC5CF3F0-5D6C-48C4-9A02-705CB91C003A}.Release|ARM.Build.0 = Release|ARM
		{AC5CF3F0-5D6C-48C4-9A02-705CB91C003A}.Release|ARM64.ActiveCfg = Release|ARM64
		{AC5CF3F0-5D6C-48C4-9A02-705CB91C003A}.Release|ARM64.Build.0 = Release|ARM64
		{AC5CF3F0-5D6C-48C4-9A02-705CB91C003A}.Release|x64.ActiveCfg = Release|x64
		{AC5CF3F0-5D6C-48C4-9A02-705CB91C003A}.Release|x64.Build.0 = Release|x64
		{AC5CF3F0-5D6C-48C4-9A02-705CB91C003A}.Release|x86.ActiveCfg = Release|x86
		{AC5CF3F0-5D6C-48C4-9A02-705CB91C003A}.Release|x86.Build.0 = Release|x86
	EndGlobalSection
	GlobalSection(SolutionProperties) = preSolution
		HideSolutionNode = FALSE
	EndGlobalSection
	GlobalSection(ExtensibilityGlobals) = postSolution
		SolutionGuid = {6175EC01-9D46-4F9A-A84C-50382D2A4E47}
	EndGlobalSection
EndGlobal
